# This file is automatically @generated by Cargo.
# It is not intended for manual editing.
[[package]]
name = "matrix"
version = "0.22.0"
source = "registry+https://github.com/rust-lang/crates.io-index"
dependencies = [
 "num-complex 0.2.1 (registry+https://github.com/rust-lang/crates.io-index)",
 "num-traits 0.2.6 (registry+https://github.com/rust-lang/crates.io-index)",
]

[[package]]
name = "num-complex"
version = "0.2.1"
source = "registry+https://github.com/rust-lang/crates.io-index"
dependencies = [
 "num-traits 0.2.6 (registry+https://github.com/rust-lang/crates.io-index)",
]

[[package]]
name = "num-traits"
version = "0.2.6"
source = "registry+https://github.com/rust-lang/crates.io-index"

[[package]]
name = "padlock_rs"
version = "0.1.0"
dependencies = [
 "matrix 0.22.0 (registry+https://github.com/rust-lang/crates.io-index)",
]

[metadata]
"checksum matrix 0.22.0 (registry+https://github.com/rust-lang/crates.io-index)" = "8b47e18b8a0ba6c9f2059ed8516261d169d462a07fafa8ec220ef6ac89c0efbc"
"checksum num-complex 0.2.1 (registry+https://github.com/rust-lang/crates.io-index)" = "107b9be86cd2481930688277b675b0114578227f034674726605b8a482d8baf8"
"checksum num-traits 0.2.6 (registry+https://github.com/rust-lang/crates.io-index)" = "0b3a5d7cc97d6d30d8b9bc8fa19bf45349ffe46241e8816f50f62f6d6aaabee1"
